// !$*UTF8*$!
{
	archiveVersion = 1;
	classes = {
	};
	objectVersion = 56;
	objects = {

/* Begin PBXBuildFile section */
		553378992928BE2700B89090 /* AppDelegate.swift in Sources */ = {isa = PBXBuildFile; fileRef = 553378982928BE2700B89090 /* AppDelegate.swift */; };
		5533789B2928BE2700B89090 /* SceneDelegate.swift in Sources */ = {isa = PBXBuildFile; fileRef = 5533789A2928BE2700B89090 /* SceneDelegate.swift */; };
		5533789D2928BE2700B89090 /* ViewController.swift in Sources */ = {isa = PBXBuildFile; fileRef = 5533789C2928BE2700B89090 /* ViewController.swift */; };
		553378A02928BE2700B89090 /* Main.storyboard in Resources */ = {isa = PBXBuildFile; fileRef = 5533789E2928BE2700B89090 /* Main.storyboard */; };
		553378A22928BE2800B89090 /* Assets.xcassets in Resources */ = {isa = PBXBuildFile; fileRef = 553378A12928BE2800B89090 /* Assets.xcassets */; };
		553378A52928BE2800B89090 /* LaunchScreen.storyboard in Resources */ = {isa = PBXBuildFile; fileRef = 553378A32928BE2800B89090 /* LaunchScreen.storyboard */; };
		553378AE2928C02100B89090 /* DashboardViewController.swift in Sources */ = {isa = PBXBuildFile; fileRef = 553378AD2928C02100B89090 /* DashboardViewController.swift */; };
		5551D5932928C582005296EB /* KeyChainService.swift in Sources */ = {isa = PBXBuildFile; fileRef = 5551D5912928C582005296EB /* KeyChainService.swift */; };
		5551D5942928C582005296EB /* StringUtilities.swift in Sources */ = {isa = PBXBuildFile; fileRef = 5551D5922928C582005296EB /* StringUtilities.swift */; };
		5551D5962928C78B005296EB /* GoogleService-Info.plist in Resources */ = {isa = PBXBuildFile; fileRef = 5551D5952928C78B005296EB /* GoogleService-Info.plist */; };
		AF5B80E83E267C0A73AA019E /* Pods_LoginFramework.framework in Frameworks */ = {isa = PBXBuildFile; fileRef = 70DF055E92345178917B7907 /* Pods_LoginFramework.framework */; };
/* End PBXBuildFile section */

/* Begin PBXFileReference section */
		553378952928BE2700B89090 /* LoginFramework.app */ = {isa = PBXFileReference; explicitFileType = wrapper.application; includeInIndex = 0; path = LoginFramework.app; sourceTree = BUILT_PRODUCTS_DIR; };
		553378982928BE2700B89090 /* AppDelegate.swift */ = {isa = PBXFileReference; lastKnownFileType = sourcecode.swift; path = AppDelegate.swift; sourceTree = "<group>"; };
		5533789A2928BE2700B89090 /* SceneDelegate.swift */ = {isa = PBXFileReference; lastKnownFileType = sourcecode.swift; path = SceneDelegate.swift; sourceTree = "<group>"; };
		5533789C2928BE2700B89090 /* ViewController.swift */ = {isa = PBXFileReference; lastKnownFileType = sourcecode.swift; path = ViewController.swift; sourceTree = "<group>"; };
		5533789F2928BE2700B89090 /* Base */ = {isa = PBXFileReference; lastKnownFileType = file.storyboard; name = Base; path = Base.lproj/Main.storyboard; sourceTree = "<group>"; };
		553378A12928BE2800B89090 /* Assets.xcassets */ = {isa = PBXFileReference; lastKnownFileType = folder.assetcatalog; path = Assets.xcassets; sourceTree = "<group>"; };
		553378A42928BE2800B89090 /* Base */ = {isa = PBXFileReference; lastKnownFileType = file.storyboard; name = Base; path = Base.lproj/LaunchScreen.storyboard; sourceTree = "<group>"; };
		553378A62928BE2800B89090 /* Info.plist */ = {isa = PBXFileReference; lastKnownFileType = text.plist.xml; path = Info.plist; sourceTree = "<group>"; };
		553378AD2928C02100B89090 /* DashboardViewController.swift */ = {isa = PBXFileReference; lastKnownFileType = sourcecode.swift; path = DashboardViewController.swift; sourceTree = "<group>"; };
		5551D5912928C582005296EB /* KeyChainService.swift */ = {isa = PBXFileReference; fileEncoding = 4; lastKnownFileType = sourcecode.swift; path = KeyChainService.swift; sourceTree = "<group>"; };
		5551D5922928C582005296EB /* StringUtilities.swift */ = {isa = PBXFileReference; fileEncoding = 4; lastKnownFileType = sourcecode.swift; path = StringUtilities.swift; sourceTree = "<group>"; };
		5551D5952928C78B005296EB /* GoogleService-Info.plist */ = {isa = PBXFileReference; fileEncoding = 4; lastKnownFileType = text.plist.xml; name = "GoogleService-Info.plist"; path = "../../../../../../Downloads/GoogleService-Info.plist"; sourceTree = "<group>"; };
		5B8E101F71E38CBE188A364B /* Pods-LoginFramework.release.xcconfig */ = {isa = PBXFileReference; includeInIndex = 1; lastKnownFileType = text.xcconfig; name = "Pods-LoginFramework.release.xcconfig"; path = "Target Support Files/Pods-LoginFramework/Pods-LoginFramework.release.xcconfig"; sourceTree = "<group>"; };
		70DF055E92345178917B7907 /* Pods_LoginFramework.framework */ = {isa = PBXFileReference; explicitFileType = wrapper.framework; includeInIndex = 0; path = Pods_LoginFramework.framework; sourceTree = BUILT_PRODUCTS_DIR; };
		BAAE278EFA2F7C74B3C0DA23 /* Pods-LoginFramework.debug.xcconfig */ = {isa = PBXFileReference; includeInIndex = 1; lastKnownFileType = text.xcconfig; name = "Pods-LoginFramework.debug.xcconfig"; path = "Target Support Files/Pods-LoginFramework/Pods-LoginFramework.debug.xcconfig"; sourceTree = "<group>"; };
/* End PBXFileReference section */

/* Begin PBXFrameworksBuildPhase section */
		553378922928BE2700B89090 /* Frameworks */ = {
			isa = PBXFrameworksBuildPhase;
			buildActionMask = 2147483647;
			files = (
				AF5B80E83E267C0A73AA019E /* Pods_LoginFramework.framework in Frameworks */,
			);
			runOnlyForDeploymentPostprocessing = 0;
		};
/* End PBXFrameworksBuildPhase section */

/* Begin PBXGroup section */
		5533788C2928BE2700B89090 = {
			isa = PBXGroup;
			children = (
				553378972928BE2700B89090 /* LoginFramework */,
				553378962928BE2700B89090 /* Products */,
				90146A0B9FD929F576B68AF3 /* Pods */,
				B6A504924DB5EACB5B5BCCA3 /* Frameworks */,
			);
			sourceTree = "<group>";
		};
		553378962928BE2700B89090 /* Products */ = {
			isa = PBXGroup;
			children = (
				553378952928BE2700B89090 /* LoginFramework.app */,
			);
			name = Products;
			sourceTree = "<group>";
		};
		553378972928BE2700B89090 /* LoginFramework */ = {
			isa = PBXGroup;
			children = (
				5551D5902928C537005296EB /* Utils */,
				553378AC2928BFC600B89090 /* Dashboard */,
				553378982928BE2700B89090 /* AppDelegate.swift */,
				5533789A2928BE2700B89090 /* SceneDelegate.swift */,
				5533789C2928BE2700B89090 /* ViewController.swift */,
				5533789E2928BE2700B89090 /* Main.storyboard */,
				553378A12928BE2800B89090 /* Assets.xcassets */,
				553378A32928BE2800B89090 /* LaunchScreen.storyboard */,
				553378A62928BE2800B89090 /* Info.plist */,
				5551D5952928C78B005296EB /* GoogleService-Info.plist */,
			);
			path = LoginFramework;
			sourceTree = "<group>";
		};
		553378AC2928BFC600B89090 /* Dashboard */ = {
			isa = PBXGroup;
			children = (
				553378AD2928C02100B89090 /* DashboardViewController.swift */,
			);
			path = Dashboard;
			sourceTree = "<group>";
		};
		5551D5902928C537005296EB /* Utils */ = {
			isa = PBXGroup;
			children = (
				5551D5912928C582005296EB /* KeyChainService.swift */,
				5551D5922928C582005296EB /* StringUtilities.swift */,
			);
			path = Utils;
			sourceTree = "<group>";
		};
		90146A0B9FD929F576B68AF3 /* Pods */ = {
			isa = PBXGroup;
			children = (
				BAAE278EFA2F7C74B3C0DA23 /* Pods-LoginFramework.debug.xcconfig */,
				5B8E101F71E38CBE188A364B /* Pods-LoginFramework.release.xcconfig */,
			);
			path = Pods;
			sourceTree = "<group>";
		};
		B6A504924DB5EACB5B5BCCA3 /* Frameworks */ = {
			isa = PBXGroup;
			children = (
				70DF055E92345178917B7907 /* Pods_LoginFramework.framework */,
			);
			name = Frameworks;
			sourceTree = "<group>";
		};
/* End PBXGroup section */

/* Begin PBXNativeTarget section */
		553378942928BE2700B89090 /* LoginFramework */ = {
			isa = PBXNativeTarget;
			buildConfigurationList = 553378A92928BE2800B89090 /* Build configuration list for PBXNativeTarget "LoginFramework" */;
			buildPhases = (
				778A8A429C1161522AEBE369 /* [CP] Check Pods Manifest.lock */,
				553378912928BE2700B89090 /* Sources */,
				553378922928BE2700B89090 /* Frameworks */,
				553378932928BE2700B89090 /* Resources */,
				9F5780CBF2B791932FA2BD02 /* [CP] Embed Pods Frameworks */,
			);
			buildRules = (
			);
			dependencies = (
			);
			name = LoginFramework;
			productName = LoginFramework;
			productReference = 553378952928BE2700B89090 /* LoginFramework.app */;
			productType = "com.apple.product-type.application";
		};
/* End PBXNativeTarget section */

/* Begin PBXProject section */
		5533788D2928BE2700B89090 /* Project object */ = {
			isa = PBXProject;
			attributes = {
				BuildIndependentTargetsInParallel = 1;
				LastSwiftUpdateCheck = 1410;
				LastUpgradeCheck = 1410;
				TargetAttributes = {
					553378942928BE2700B89090 = {
						CreatedOnToolsVersion = 14.1;
					};
				};
			};
			buildConfigurationList = 553378902928BE2700B89090 /* Build configuration list for PBXProject "LoginFramework" */;
			compatibilityVersion = "Xcode 14.0";
			developmentRegion = en;
			hasScannedForEncodings = 0;
			knownRegions = (
				en,
				Base,
			);
			mainGroup = 5533788C2928BE2700B89090;
			productRefGroup = 553378962928BE2700B89090 /* Products */;
			projectDirPath = "";
			projectRoot = "";
			targets = (
				553378942928BE2700B89090 /* LoginFramework */,
			);
		};
/* End PBXProject section */

/* Begin PBXResourcesBuildPhase section */
		553378932928BE2700B89090 /* Resources */ = {
			isa = PBXResourcesBuildPhase;
			buildActionMask = 2147483647;
			files = (
				553378A52928BE2800B89090 /* LaunchScreen.storyboard in Resources */,
				5551D5962928C78B005296EB /* GoogleService-Info.plist in Resources */,
				553378A22928BE2800B89090 /* Assets.xcassets in Resources */,
				553378A02928BE2700B89090 /* Main.storyboard in Resources */,
			);
			runOnlyForDeploymentPostprocessing = 0;
		};
/* End PBXResourcesBuildPhase section */

/* Begin PBXShellScriptBuildPhase section */
		778A8A429C1161522AEBE369 /* [CP] Check Pods Manifest.lock */ = {
			isa = PBXShellScriptBuildPhase;
			buildActionMask = 2147483647;
			files = (
			);
			inputFileListPaths = (
			);
			inputPaths = (
				"${PODS_PODFILE_DIR_PATH}/Podfile.lock",
				"${PODS_ROOT}/Manifest.lock",
			);
			name = "[CP] Check Pods Manifest.lock";
			outputFileListPaths = (
			);
			outputPaths = (
				"$(DERIVED_FILE_DIR)/Pods-LoginFramework-checkManifestLockResult.txt",
			);
			runOnlyForDeploymentPostprocessing = 0;
			shellPath = /bin/sh;
			shellScript = "diff \"${PODS_PODFILE_DIR_PATH}/Podfile.lock\" \"${PODS_ROOT}/Manifest.lock\" > /dev/null\nif [ $? != 0 ] ; then\n    # print error to STDERR\n    echo \"error: The sandbox is not in sync with the Podfile.lock. Run 'pod install' or update your CocoaPods installation.\" >&2\n    exit 1\nfi\n# This output is used by Xcode 'outputs' to avoid re-running this script phase.\necho \"SUCCESS\" > \"${SCRIPT_OUTPUT_FILE_0}\"\n";
			showEnvVarsInLog = 0;
		};
		9F5780CBF2B791932FA2BD02 /* [CP] Embed Pods Frameworks */ = {
			isa = PBXShellScriptBuildPhase;
			buildActionMask = 2147483647;
			files = (
			);
			inputFileListPaths = (
				"${PODS_ROOT}/Target Support Files/Pods-LoginFramework/Pods-LoginFramework-frameworks-${CONFIGURATION}-input-files.xcfilelist",
			);
			name = "[CP] Embed Pods Frameworks";
			outputFileListPaths = (
				"${PODS_ROOT}/Target Support Files/Pods-LoginFramework/Pods-LoginFramework-frameworks-${CONFIGURATION}-output-files.xcfilelist",
			);
			runOnlyForDeploymentPostprocessing = 0;
			shellPath = /bin/sh;
			shellScript = "\"${PODS_ROOT}/Target Support Files/Pods-LoginFramework/Pods-LoginFramework-frameworks.sh\"\n";
			showEnvVarsInLog = 0;
		};
/* End PBXShellScriptBuildPhase section */

/* Begin PBXSourcesBuildPhase section */
		553378912928BE2700B89090 /* Sources */ = {
			isa = PBXSourcesBuildPhase;
			buildActionMask = 2147483647;
			files = (
				5533789D2928BE2700B89090 /* ViewController.swift in Sources */,
				5551D5942928C582005296EB /* StringUtilities.swift in Sources */,
				553378992928BE2700B89090 /* AppDelegate.swift in Sources */,
				5551D5932928C582005296EB /* KeyChainService.swift in Sources */,
				5533789B2928BE2700B89090 /* SceneDelegate.swift in Sources */,
				553378AE2928C02100B89090 /* DashboardViewController.swift in Sources */,
			);
			runOnlyForDeploymentPostprocessing = 0;
		};
/* End PBXSourcesBuildPhase section */

/* Begin PBXVariantGroup section */
		5533789E2928BE2700B89090 /* Main.storyboard */ = {
			isa = PBXVariantGroup;
			children = (
				5533789F2928BE2700B89090 /* Base */,
			);
			name = Main.storyboard;
			sourceTree = "<group>";
		};
		553378A32928BE2800B89090 /* LaunchScreen.storyboard */ = {
			isa = PBXVariantGroup;
			children = (
				553378A42928BE2800B89090 /* Base */,
			);
			name = LaunchScreen.storyboard;
			sourceTree = "<group>";
		};
/* End PBXVariantGroup section */

/* Begin XCBuildConfiguration section */
		553378A72928BE2800B89090 /* Debug */ = {
			isa = XCBuildConfiguration;
			buildSettings = {
				ALWAYS_SEARCH_USER_PATHS = NO;
				CLANG_ANALYZER_NONNULL = YES;
				CLANG_ANALYZER_NUMBER_OBJECT_CONVERSION = YES_AGGRESSIVE;
				CLANG_CXX_LANGUAGE_STANDARD = "gnu++20";
				CLANG_ENABLE_MODULES = YES;
				CLANG_ENABLE_OBJC_ARC = YES;
				CLANG_ENABLE_OBJC_WEAK = YES;
				CLANG_WARN_BLOCK_CAPTURE_AUTORELEASING = YES;
				CLANG_WARN_BOOL_CONVERSION = YES;
				CLANG_WARN_COMMA = YES;
				CLANG_WARN_CONSTANT_CONVERSION = YES;
				CLANG_WARN_DEPRECATED_OBJC_IMPLEMENTATIONS = YES;
				CLANG_WARN_DIRECT_OBJC_ISA_USAGE = YES_ERROR;
				CLANG_WARN_DOCUMENTATION_COMMENTS = YES;
				CLANG_WARN_EMPTY_BODY = YES;
				CLANG_WARN_ENUM_CONVERSION = YES;
				CLANG_WARN_INFINITE_RECURSION = YES;
				CLANG_WARN_INT_CONVERSION = YES;
				CLANG_WARN_NON_LITERAL_NULL_CONVERSION = YES;
				CLANG_WARN_OBJC_IMPLICIT_RETAIN_SELF = YES;
				CLANG_WARN_OBJC_LITERAL_CONVERSION = YES;
				CLANG_WARN_OBJC_ROOT_CLASS = YES_ERROR;
				CLANG_WARN_QUOTED_INCLUDE_IN_FRAMEWORK_HEADER = YES;
				CLANG_WARN_RANGE_LOOP_ANALYSIS = YES;
				CLANG_WARN_STRICT_PROTOTYPES = YES;
				CLANG_WARN_SUSPICIOUS_MOVE = YES;
				CLANG_WARN_UNGUARDED_AVAILABILITY = YES_AGGRESSIVE;
				CLANG_WARN_UNREACHABLE_CODE = YES;
				CLANG_WARN__DUPLICATE_METHOD_MATCH = YES;
				COPY_PHASE_STRIP = NO;
				DEBUG_INFORMATION_FORMAT = dwarf;
				ENABLE_STRICT_OBJC_MSGSEND = YES;
				ENABLE_TESTABILITY = YES;
				GCC_C_LANGUAGE_STANDARD = gnu11;
				GCC_DYNAMIC_NO_PIC = NO;
				GCC_NO_COMMON_BLOCKS = YES;
				GCC_OPTIMIZATION_LEVEL = 0;
				GCC_PREPROCESSOR_DEFINITIONS = (
					"DEBUG=1",
					"$(inherited)",
				);
				GCC_WARN_64_TO_32_BIT_CONVERSION = YES;
				GCC_WARN_ABOUT_RETURN_TYPE = YES_ERROR;
				GCC_WARN_UNDECLARED_SELECTOR = YES;
				GCC_WARN_UNINITIALIZED_AUTOS = YES_AGGRESSIVE;
				GCC_WARN_UNUSED_FUNCTION = YES;
				GCC_WARN_UNUSED_VARIABLE = YES;
				IPHONEOS_DEPLOYMENT_TARGET = 16.1;
				MTL_ENABLE_DEBUG_INFO = INCLUDE_SOURCE;
				MTL_FAST_MATH = YES;
				ONLY_ACTIVE_ARCH = YES;
				SDKROOT = iphoneos;
				SWIFT_ACTIVE_COMPILATION_CONDITIONS = DEBUG;
				SWIFT_OPTIMIZATION_LEVEL = "-Onone";
			};
			name = Debug;
		};
		553378A82928BE2800B89090 /* Release */ = {
			isa = XCBuildConfiguration;
			buildSettings = {
				ALWAYS_SEARCH_USER_PATHS = NO;
				CLANG_ANALYZER_NONNULL = YES;
				CLANG_ANALYZER_NUMBER_OBJECT_CONVERSION = YES_AGGRESSIVE;
				CLANG_CXX_LANGUAGE_STANDARD = "gnu++20";
				CLANG_ENABLE_MODULES = YES;
				CLANG_ENABLE_OBJC_ARC = YES;
				CLANG_ENABLE_OBJC_WEAK = YES;
				CLANG_WARN_BLOCK_CAPTURE_AUTORELEASING = YES;
				CLANG_WARN_BOOL_CONVERSION = YES;
				CLANG_WARN_COMMA = YES;
				CLANG_WARN_CONSTANT_CONVERSION = YES;
				CLANG_WARN_DEPRECATED_OBJC_IMPLEMENTATIONS = YES;
				CLANG_WARN_DIRECT_OBJC_ISA_USAGE = YES_ERROR;
				CLANG_WARN_DOCUMENTATION_COMMENTS = YES;
				CLANG_WARN_EMPTY_BODY = YES;
				CLANG_WARN_ENUM_CONVERSION = YES;
				CLANG_WARN_INFINITE_RECURSION = YES;
				CLANG_WARN_INT_CONVERSION = YES;
				CLANG_WARN_NON_LITERAL_NULL_CONVERSION = YES;
				CLANG_WARN_OBJC_IMPLICIT_RETAIN_SELF = YES;
				CLANG_WARN_OBJC_LITERAL_CONVERSION = YES;
				CLANG_WARN_OBJC_ROOT_CLASS = YES_ERROR;
				CLANG_WARN_QUOTED_INCLUDE_IN_FRAMEWORK_HEADER = YES;
				CLANG_WARN_RANGE_LOOP_ANALYSIS = YES;
				CLANG_WARN_STRICT_PROTOTYPES = YES;
				CLANG_WARN_SUSPICIOUS_MOVE = YES;
				CLANG_WARN_UNGUARDED_AVAILABILITY = YES_AGGRESSIVE;
				CLANG_WARN_UNREACHABLE_CODE = YES;
				CLANG_WARN__DUPLICATE_METHOD_MATCH = YES;
				COPY_PHASE_STRIP = NO;
				DEBUG_INFORMATION_FORMAT = "dwarf-with-dsym";
				ENABLE_NS_ASSERTIONS = NO;
				ENABLE_STRICT_OBJC_MSGSEND = YES;
				GCC_C_LANGUAGE_STANDARD = gnu11;
				GCC_NO_COMMON_BLOCKS = YES;
				GCC_WARN_64_TO_32_BIT_CONVERSION = YES;
				GCC_WARN_ABOUT_RETURN_TYPE = YES_ERROR;
				GCC_WARN_UNDECLARED_SELECTOR = YES;
				GCC_WARN_UNINITIALIZED_AUTOS = YES_AGGRESSIVE;
				GCC_WARN_UNUSED_FUNCTION = YES;
				GCC_WARN_UNUSED_VARIABLE = YES;
				IPHONEOS_DEPLOYMENT_TARGET = 16.1;
				MTL_ENABLE_DEBUG_INFO = NO;
				MTL_FAST_MATH = YES;
				SDKROOT = iphoneos;
				SWIFT_COMPILATION_MODE = wholemodule;
				SWIFT_OPTIMIZATION_LEVEL = "-O";
				VALIDATE_PRODUCT = YES;
			};
			name = Release;
		};
		553378AA2928BE2800B89090 /* Debug */ = {
			isa = XCBuildConfiguration;
			baseConfigurationReference = BAAE278EFA2F7C74B3C0DA23 /* Pods-LoginFramework.debug.xcconfig */;
			buildSettings = {
				ASSETCATALOG_COMPILER_APPICON_NAME = AppIcon;
				ASSETCATALOG_COMPILER_GLOBAL_ACCENT_COLOR_NAME = AccentColor;
				CODE_SIGN_STYLE = Automatic;
				CURRENT_PROJECT_VERSION = 1;
				GENERATE_INFOPLIST_FILE = YES;
				INFOPLIST_FILE = LoginFramework/Info.plist;
				INFOPLIST_KEY_UIApplicationSupportsIndirectInputEvents = YES;
				INFOPLIST_KEY_UILaunchStoryboardName = LaunchScreen;
				INFOPLIST_KEY_UIMainStoryboardFile = Main;
				INFOPLIST_KEY_UISupportedInterfaceOrientations_iPad = "UIInterfaceOrientationPortrait UIInterfaceOrientationPortraitUpsideDown UIInterfaceOrientationLandscapeLeft UIInterfaceOrientationLandscapeRight";
				INFOPLIST_KEY_UISupportedInterfaceOrientations_iPhone = "UIInterfaceOrientationPortrait UIInterfaceOrientationLandscapeLeft UIInterfaceOrientationLandscapeRight";
				LD_RUNPATH_SEARCH_PATHS = (
					"$(inherited)",
					"@executable_path/Frameworks",
				);
				MARKETING_VERSION = 1.0;
				PRODUCT_BUNDLE_IDENTIFIER = edu.northeastern.yifan.LoginFramework;
				PRODUCT_NAME = "$(TARGET_NAME)";
				SWIFT_EMIT_LOC_STRINGS = YES;
				SWIFT_VERSION = 5.0;
				TARGETED_DEVICE_FAMILY = "1,2";
			};
			name = Debug;
		};
		553378AB2928BE2800B89090 /* Release */ = {
			isa = XCBuildConfiguration;
			baseConfigurationReference = 5B8E101F71E38CBE188A364B /* Pods-LoginFramework.release.xcconfig */;
			buildSettings = {
				ASSETCATALOG_COMPILER_APPICON_NAME = AppIcon;
				ASSETCATALOG_COMPILER_GLOBAL_ACCENT_COLOR_NAME = AccentColor;
				CODE_SIGN_STYLE = Automatic;
				CURRENT_PROJECT_VERSION = 1;
				GENERATE_INFOPLIST_FILE = YES;
				INFOPLIST_FILE = LoginFramework/Info.plist;
				INFOPLIST_KEY_UIApplicationSupportsIndirectInputEvents = YES;
				INFOPLIST_KEY_UILaunchStoryboardName = LaunchScreen;
				INFOPLIST_KEY_UIMainStoryboardFile = Main;
				INFOPLIST_KEY_UISupportedInterfaceOrientations_iPad = "UIInterfaceOrientationPortrait UIInterfaceOrientationPortraitUpsideDown UIInterfaceOrientationLandscapeLeft UIInterfaceOrientationLandscapeRight";
				INFOPLIST_KEY_UISupportedInterfaceOrientations_iPhone = "UIInterfaceOrientationPortrait UIInterfaceOrientationLandscapeLeft UIInterfaceOrientationLandscapeRight";
				LD_RUNPATH_SEARCH_PATHS = (
					"$(inherited)",
					"@executable_path/Frameworks",
				);
				MARKETING_VERSION = 1.0;
				PRODUCT_BUNDLE_IDENTIFIER = edu.northeastern.yifan.LoginFramework;
				PRODUCT_NAME = "$(TARGET_NAME)";
				SWIFT_EMIT_LOC_STRINGS = YES;
				SWIFT_VERSION = 5.0;
				TARGETED_DEVICE_FAMILY = "1,2";
			};
			name = Release;
		};
/* End XCBuildConfiguration section */

/* Begin XCConfigurationList section */
		553378902928BE2700B89090 /* Build configuration list for PBXProject "LoginFramework" */ = {
			isa = XCConfigurationList;
			buildConfigurations = (
				553378A72928BE2800B89090 /* Debug */,
				553378A82928BE2800B89090 /* Release */,
			);
			defaultConfigurationIsVisible = 0;
			defaultConfigurationName = Release;
		};
		553378A92928BE2800B89090 /* Build configuration list for PBXNativeTarget "LoginFramework" */ = {
			isa = XCConfigurationList;
			buildConfigurations = (
				553378AA2928BE2800B89090 /* Debug */,
				553378AB2928BE2800B89090 /* Release */,
			);
			defaultConfigurationIsVisible = 0;
			defaultConfigurationName = Release;
		};
/* End XCConfigurationList section */
	};
	rootObject = 5533788D2928BE2700B89090 /* Project object */;
}
